
Microsoft Visual Studio Solution File, Format Version 12.00
# Visual Studio Version 16
VisualStudioVersion = 16.0.31424.327
MinimumVisualStudioVersion = 10.0.40219.1
Project("{FAE04EC0-301F-11D3-BF4B-00C04F79EFBC}") = "CabInvoiceGenerator", "CabInvoiceGenerator.csproj", "{49C859B2-673A-48A2-82D5-54F73BF728EA}"
EndProject
Global
	GlobalSection(SolutionConfigurationPlatforms) = preSolution
		Debug|Any CPU = Debug|Any CPU
		Release|Any CPU = Release|Any CPU
	EndGlobalSection
	GlobalSection(ProjectConfigurationPlatforms) = postSolution
		{49C859B2-673A-48A2-82D5-54F73BF728EA}.Debug|Any CPU.ActiveCfg = Debug|Any CPU
		{49C859B2-673A-48A2-82D5-54F73BF728EA}.Debug|Any CPU.Build.0 = Debug|Any CPU
		{49C859B2-673A-48A2-82D5-54F73BF728EA}.Release|Any CPU.ActiveCfg = Release|Any CPU
		{49C859B2-673A-48A2-82D5-54F73BF728EA}.Release|Any CPU.Build.0 = Release|Any CPU
	EndGlobalSection
	GlobalSection(SolutionProperties) = preSolution
		HideSolutionNode = FALSE
	EndGlobalSection
	GlobalSection(ExtensibilityGlobals) = postSolution
		SolutionGuid = {79A347B7-4400-4271-AA08-D9494D33DF90}
	EndGlobalSection
EndGlobal
